
Microsoft Visual Studio Solution File, Format Version 12.00
# Visual Studio Version 17
VisualStudioVersion = 17.0.31903.59
MinimumVisualStudioVersion = 10.0.40219.1
Project("{FAE04EC0-301F-11D3-BF4B-00C04F79EFBC}") = "MonteCarlo2.0", "MonteCarlo2.0\MonteCarlo2.0.csproj", "{C6C5C15A-E0B5-4AEC-AB92-81F615B5EA7A}"
EndProject
Project("{FAE04EC0-301F-11D3-BF4B-00C04F79EFBC}") = "MonteCarloOptionPricer", "MonteCarloOptionPricer\MonteCarloOptionPricer.csproj", "{4F4807F8-7957-4A07-BA24-03944FE913FC}"
EndProject
Project("{FAE04EC0-301F-11D3-BF4B-00C04F79EFBC}") = "MonteCarloAPI", "MonteCarloAPI\MonteCarloAPI.csproj", "{464446D8-2F31-4DE1-A9A1-0E96A2258F26}"
EndProject
Global
	GlobalSection(SolutionConfigurationPlatforms) = preSolution
		Debug|Any CPU = Debug|Any CPU
		Debug|x64 = Debug|x64
		Debug|x86 = Debug|x86
		Release|Any CPU = Release|Any CPU
		Release|x64 = Release|x64
		Release|x86 = Release|x86
	EndGlobalSection
	GlobalSection(ProjectConfigurationPlatforms) = postSolution
		{C6C5C15A-E0B5-4AEC-AB92-81F615B5EA7A}.Debug|Any CPU.ActiveCfg = Debug|Any CPU
		{C6C5C15A-E0B5-4AEC-AB92-81F615B5EA7A}.Debug|Any CPU.Build.0 = Debug|Any CPU
		{C6C5C15A-E0B5-4AEC-AB92-81F615B5EA7A}.Debug|x64.ActiveCfg = Debug|Any CPU
		{C6C5C15A-E0B5-4AEC-AB92-81F615B5EA7A}.Debug|x64.Build.0 = Debug|Any CPU
		{C6C5C15A-E0B5-4AEC-AB92-81F615B5EA7A}.Debug|x86.ActiveCfg = Debug|Any CPU
		{C6C5C15A-E0B5-4AEC-AB92-81F615B5EA7A}.Debug|x86.Build.0 = Debug|Any CPU
		{C6C5C15A-E0B5-4AEC-AB92-81F615B5EA7A}.Release|Any CPU.ActiveCfg = Release|Any CPU
		{C6C5C15A-E0B5-4AEC-AB92-81F615B5EA7A}.Release|Any CPU.Build.0 = Release|Any CPU
		{C6C5C15A-E0B5-4AEC-AB92-81F615B5EA7A}.Release|x64.ActiveCfg = Release|Any CPU
		{C6C5C15A-E0B5-4AEC-AB92-81F615B5EA7A}.Release|x64.Build.0 = Release|Any CPU
		{C6C5C15A-E0B5-4AEC-AB92-81F615B5EA7A}.Release|x86.ActiveCfg = Release|Any CPU
		{C6C5C15A-E0B5-4AEC-AB92-81F615B5EA7A}.Release|x86.Build.0 = Release|Any CPU
		{4F4807F8-7957-4A07-BA24-03944FE913FC}.Debug|Any CPU.ActiveCfg = Debug|Any CPU
		{4F4807F8-7957-4A07-BA24-03944FE913FC}.Debug|Any CPU.Build.0 = Debug|Any CPU
		{4F4807F8-7957-4A07-BA24-03944FE913FC}.Debug|x64.ActiveCfg = Debug|Any CPU
		{4F4807F8-7957-4A07-BA24-03944FE913FC}.Debug|x64.Build.0 = Debug|Any CPU
		{4F4807F8-7957-4A07-BA24-03944FE913FC}.Debug|x86.ActiveCfg = Debug|Any CPU
		{4F4807F8-7957-4A07-BA24-03944FE913FC}.Debug|x86.Build.0 = Debug|Any CPU
		{4F4807F8-7957-4A07-BA24-03944FE913FC}.Release|Any CPU.ActiveCfg = Release|Any CPU
		{4F4807F8-7957-4A07-BA24-03944FE913FC}.Release|Any CPU.Build.0 = Release|Any CPU
		{4F4807F8-7957-4A07-BA24-03944FE913FC}.Release|x64.ActiveCfg = Release|Any CPU
		{4F4807F8-7957-4A07-BA24-03944FE913FC}.Release|x64.Build.0 = Release|Any CPU
		{4F4807F8-7957-4A07-BA24-03944FE913FC}.Release|x86.ActiveCfg = Release|Any CPU
		{4F4807F8-7957-4A07-BA24-03944FE913FC}.Release|x86.Build.0 = Release|Any CPU
		{464446D8-2F31-4DE1-A9A1-0E96A2258F26}.Debug|Any CPU.ActiveCfg = Debug|Any CPU
		{464446D8-2F31-4DE1-A9A1-0E96A2258F26}.Debug|Any CPU.Build.0 = Debug|Any CPU
		{464446D8-2F31-4DE1-A9A1-0E96A2258F26}.Debug|x64.ActiveCfg = Debug|Any CPU
		{464446D8-2F31-4DE1-A9A1-0E96A2258F26}.Debug|x64.Build.0 = Debug|Any CPU
		{464446D8-2F31-4DE1-A9A1-0E96A2258F26}.Debug|x86.ActiveCfg = Debug|Any CPU
		{464446D8-2F31-4DE1-A9A1-0E96A2258F26}.Debug|x86.Build.0 = Debug|Any CPU
		{464446D8-2F31-4DE1-A9A1-0E96A2258F26}.Release|Any CPU.ActiveCfg = Release|Any CPU
		{464446D8-2F31-4DE1-A9A1-0E96A2258F26}.Release|Any CPU.Build.0 = Release|Any CPU
		{464446D8-2F31-4DE1-A9A1-0E96A2258F26}.Release|x64.ActiveCfg = Release|Any CPU
		{464446D8-2F31-4DE1-A9A1-0E96A2258F26}.Release|x64.Build.0 = Release|Any CPU
		{464446D8-2F31-4DE1-A9A1-0E96A2258F26}.Release|x86.ActiveCfg = Release|Any CPU
		{464446D8-2F31-4DE1-A9A1-0E96A2258F26}.Release|x86.Build.0 = Release|Any CPU
	EndGlobalSection
	GlobalSection(SolutionProperties) = preSolution
		HideSolutionNode = FALSE
	EndGlobalSection
EndGlobal
