
Microsoft Visual Studio Solution File, Format Version 12.00
# Visual Studio Version 17
VisualStudioVersion = 17.0.31903.59
MinimumVisualStudioVersion = 10.0.40219.1
Project("{FAE04EC0-301F-11D3-BF4B-00C04F79EFBC}") = "MonteCarloOptionPricer", "MonteCarloOptionPricer\MonteCarloOptionPricer.csproj", "{D024D7A8-F972-40AB-9F8E-EE9FE58676C9}"
EndProject
Project("{FAE04EC0-301F-11D3-BF4B-00C04F79EFBC}") = "MonteCarlo2.0", "MonteCarlo2.0\MonteCarlo2.0.csproj", "{5538C58E-621C-4723-B7FC-8EB1B72AF0DC}"
EndProject
Project("{FAE04EC0-301F-11D3-BF4B-00C04F79EFBC}") = "MonteCarloAPIv3", "MonteCarloAPIv3\MonteCarloAPIv3.csproj", "{726ADA16-CC50-4453-8E83-B40A6E8ABE01}"
EndProject
Global
	GlobalSection(SolutionConfigurationPlatforms) = preSolution
		Debug|Any CPU = Debug|Any CPU
		Debug|x64 = Debug|x64
		Debug|x86 = Debug|x86
		Release|Any CPU = Release|Any CPU
		Release|x64 = Release|x64
		Release|x86 = Release|x86
	EndGlobalSection
	GlobalSection(ProjectConfigurationPlatforms) = postSolution
		{D024D7A8-F972-40AB-9F8E-EE9FE58676C9}.Debug|Any CPU.ActiveCfg = Debug|Any CPU
		{D024D7A8-F972-40AB-9F8E-EE9FE58676C9}.Debug|Any CPU.Build.0 = Debug|Any CPU
		{D024D7A8-F972-40AB-9F8E-EE9FE58676C9}.Debug|x64.ActiveCfg = Debug|Any CPU
		{D024D7A8-F972-40AB-9F8E-EE9FE58676C9}.Debug|x64.Build.0 = Debug|Any CPU
		{D024D7A8-F972-40AB-9F8E-EE9FE58676C9}.Debug|x86.ActiveCfg = Debug|Any CPU
		{D024D7A8-F972-40AB-9F8E-EE9FE58676C9}.Debug|x86.Build.0 = Debug|Any CPU
		{D024D7A8-F972-40AB-9F8E-EE9FE58676C9}.Release|Any CPU.ActiveCfg = Release|Any CPU
		{D024D7A8-F972-40AB-9F8E-EE9FE58676C9}.Release|Any CPU.Build.0 = Release|Any CPU
		{D024D7A8-F972-40AB-9F8E-EE9FE58676C9}.Release|x64.ActiveCfg = Release|Any CPU
		{D024D7A8-F972-40AB-9F8E-EE9FE58676C9}.Release|x64.Build.0 = Release|Any CPU
		{D024D7A8-F972-40AB-9F8E-EE9FE58676C9}.Release|x86.ActiveCfg = Release|Any CPU
		{D024D7A8-F972-40AB-9F8E-EE9FE58676C9}.Release|x86.Build.0 = Release|Any CPU
		{5538C58E-621C-4723-B7FC-8EB1B72AF0DC}.Debug|Any CPU.ActiveCfg = Debug|Any CPU
		{5538C58E-621C-4723-B7FC-8EB1B72AF0DC}.Debug|Any CPU.Build.0 = Debug|Any CPU
		{5538C58E-621C-4723-B7FC-8EB1B72AF0DC}.Debug|x64.ActiveCfg = Debug|Any CPU
		{5538C58E-621C-4723-B7FC-8EB1B72AF0DC}.Debug|x64.Build.0 = Debug|Any CPU
		{5538C58E-621C-4723-B7FC-8EB1B72AF0DC}.Debug|x86.ActiveCfg = Debug|Any CPU
		{5538C58E-621C-4723-B7FC-8EB1B72AF0DC}.Debug|x86.Build.0 = Debug|Any CPU
		{5538C58E-621C-4723-B7FC-8EB1B72AF0DC}.Release|Any CPU.ActiveCfg = Release|Any CPU
		{5538C58E-621C-4723-B7FC-8EB1B72AF0DC}.Release|Any CPU.Build.0 = Release|Any CPU
		{5538C58E-621C-4723-B7FC-8EB1B72AF0DC}.Release|x64.ActiveCfg = Release|Any CPU
		{5538C58E-621C-4723-B7FC-8EB1B72AF0DC}.Release|x64.Build.0 = Release|Any CPU
		{5538C58E-621C-4723-B7FC-8EB1B72AF0DC}.Release|x86.ActiveCfg = Release|Any CPU
		{5538C58E-621C-4723-B7FC-8EB1B72AF0DC}.Release|x86.Build.0 = Release|Any CPU
		{726ADA16-CC50-4453-8E83-B40A6E8ABE01}.Debug|Any CPU.ActiveCfg = Debug|Any CPU
		{726ADA16-CC50-4453-8E83-B40A6E8ABE01}.Debug|Any CPU.Build.0 = Debug|Any CPU
		{726ADA16-CC50-4453-8E83-B40A6E8ABE01}.Debug|x64.ActiveCfg = Debug|Any CPU
		{726ADA16-CC50-4453-8E83-B40A6E8ABE01}.Debug|x64.Build.0 = Debug|Any CPU
		{726ADA16-CC50-4453-8E83-B40A6E8ABE01}.Debug|x86.ActiveCfg = Debug|Any CPU
		{726ADA16-CC50-4453-8E83-B40A6E8ABE01}.Debug|x86.Build.0 = Debug|Any CPU
		{726ADA16-CC50-4453-8E83-B40A6E8ABE01}.Release|Any CPU.ActiveCfg = Release|Any CPU
		{726ADA16-CC50-4453-8E83-B40A6E8ABE01}.Release|Any CPU.Build.0 = Release|Any CPU
		{726ADA16-CC50-4453-8E83-B40A6E8ABE01}.Release|x64.ActiveCfg = Release|Any CPU
		{726ADA16-CC50-4453-8E83-B40A6E8ABE01}.Release|x64.Build.0 = Release|Any CPU
		{726ADA16-CC50-4453-8E83-B40A6E8ABE01}.Release|x86.ActiveCfg = Release|Any CPU
		{726ADA16-CC50-4453-8E83-B40A6E8ABE01}.Release|x86.Build.0 = Release|Any CPU
	EndGlobalSection
	GlobalSection(SolutionProperties) = preSolution
		HideSolutionNode = FALSE
	EndGlobalSection
EndGlobal
